{
  "nodes": {
    "homeManager": {
      "inputs": {
        "nixpkgs": [
          "nixpkgs"
        ]
      },
      "locked": {
        "lastModified": 1631740142,
        "narHash": "sha256-FnwtaJ+fZw2QzsCqGJW4kJd9hXiPxPgfi+9dwratk28=",
        "owner": "nix-community",
        "repo": "home-manager",
        "rev": "371576cdc2580ba93a38e28da8ece2129f558815",
        "type": "github"
      },
      "original": {
        "owner": "nix-community",
        "repo": "home-manager",
        "type": "github"
      }
    },
    "nixpkgs": {
      "locked": {
        "lastModified": 1631819053,
        "narHash": "sha256-qHbp+S1+cwxpfvaaNl/IUOta4IBosaDf40JuI/GzDJg=",
        "owner": "NixOS",
        "repo": "nixpkgs",
        "rev": "417c87d0f82d1aea7a78fdd74349833450dabb91",
        "type": "github"
      },
      "original": {
        "id": "nixpkgs",
        "type": "indirect"
      }
    },
    "root": {
      "inputs": {
        "homeManager": "homeManager",
        "nixpkgs": "nixpkgs"
      }
    }
  },
  "root": "root",
  "version": 7
}
