{
  "nodes": {
    "darwin": {
      "inputs": {
        "nixpkgs": [
          "nixpkgs"
        ]
      },
      "locked": {
        "lastModified": 1682773107,
        "narHash": "sha256-+h94XeJnG3uk5imJlBi/1lVmcfCbxHpwZp5u7n3Krwg=",
        "owner": "lnl7",
        "repo": "nix-darwin",
        "rev": "379d42fad6bc5c28f79d5f7ff2fa5f1c90cb7bf8",
        "type": "github"
      },
      "original": {
        "owner": "lnl7",
        "ref": "master",
        "repo": "nix-darwin",
        "type": "github"
      }
    },
    "emacs-overlay": {
      "inputs": {
        "flake-utils": "flake-utils",
        "nixpkgs": [
          "nixpkgs"
        ]
      },
      "locked": {
        "lastModified": 1683018563,
        "narHash": "sha256-Ey2S3yPtK124CC689OyDtjAedmRmCjH54ixXHIMrqYk=",
        "owner": "nix-community",
        "repo": "emacs-overlay",
        "rev": "92fde9649b26dce1bd29924086360987cc8c7b2b",
        "type": "github"
      },
      "original": {
        "id": "emacs-overlay",
        "type": "indirect"
      }
    },
    "emacs-src": {
      "flake": false,
      "locked": {
        "lastModified": 1682944041,
        "narHash": "sha256-axSXwdOu3/WyU52uf+5E4ZyYAcJsLePTVfA9RFdwjY8=",
        "owner": "emacs-mirror",
        "repo": "emacs",
        "rev": "46392c1623bc3f9764b8c7df293a89fcd47ab0ad",
        "type": "github"
      },
      "original": {
        "owner": "emacs-mirror",
        "ref": "emacs-29",
        "repo": "emacs",
        "type": "github"
      }
    },
    "flake-utils": {
      "locked": {
        "lastModified": 1667395993,
        "narHash": "sha256-nuEHfE/LcWyuSWnS8t12N1wc105Qtau+/OdUAjtQ0rA=",
        "owner": "numtide",
        "repo": "flake-utils",
        "rev": "5aed5285a952e0b949eb3ba02c12fa4fcfef535f",
        "type": "github"
      },
      "original": {
        "owner": "numtide",
        "repo": "flake-utils",
        "type": "github"
      }
    },
    "flake-utils_2": {
      "locked": {
        "lastModified": 1678901627,
        "narHash": "sha256-U02riOqrKKzwjsxc/400XnElV+UtPUQWpANPlyazjH0=",
        "owner": "numtide",
        "repo": "flake-utils",
        "rev": "93a2b84fc4b70d9e089d029deacc3583435c2ed6",
        "type": "github"
      },
      "original": {
        "owner": "numtide",
        "repo": "flake-utils",
        "type": "github"
      }
    },
    "git-mob": {
      "inputs": {
        "flake-utils": "flake-utils_2",
        "naersk": "naersk",
        "nixpkgs": [
          "nixpkgs"
        ]
      },
      "locked": {
        "lastModified": 1683007446,
        "narHash": "sha256-T3F2vp7GM46SiNCTUeVpXWxB9vPFnMG2EqJrL4GAzFg=",
        "owner": "frost",
        "repo": "git-mob",
        "rev": "d3517bc8953c1b6d24e67d1dc57354887be7516e",
        "type": "github"
      },
      "original": {
        "owner": "frost",
        "ref": "main",
        "repo": "git-mob",
        "type": "github"
      }
    },
    "home-manager": {
      "inputs": {
        "nixpkgs": [
          "nixpkgs"
        ]
      },
      "locked": {
        "lastModified": 1682977601,
        "narHash": "sha256-F1Va/Uiw2tVNn27FLqWyBkiqDyIm/eCamw9wA/GK8Fw=",
        "owner": "nix-community",
        "repo": "home-manager",
        "rev": "0e4c33d76006c9080d2f228ba1c2308e3e4d7be6",
        "type": "github"
      },
      "original": {
        "owner": "nix-community",
        "repo": "home-manager",
        "type": "github"
      }
    },
    "naersk": {
      "inputs": {
        "nixpkgs": "nixpkgs"
      },
      "locked": {
        "lastModified": 1671096816,
        "narHash": "sha256-ezQCsNgmpUHdZANDCILm3RvtO1xH8uujk/+EqNvzIOg=",
        "owner": "nix-community",
        "repo": "naersk",
        "rev": "d998160d6a076cfe8f9741e56aeec7e267e3e114",
        "type": "github"
      },
      "original": {
        "owner": "nix-community",
        "repo": "naersk",
        "type": "github"
      }
    },
    "nixos-hardware": {
      "locked": {
        "lastModified": 1683009613,
        "narHash": "sha256-jJh8JaoHOLlk7iFLgZk1PlxCCNA2KTKfOLMLCa9mduA=",
        "owner": "nixos",
        "repo": "nixos-hardware",
        "rev": "7dc46304675f4ff2d6be921ef60883efd31363c4",
        "type": "github"
      },
      "original": {
        "owner": "nixos",
        "ref": "master",
        "repo": "nixos-hardware",
        "type": "github"
      }
    },
    "nixpkgs": {
      "locked": {
        "lastModified": 1670507980,
        "narHash": "sha256-riNZa0xzM1it3pzxciwALeMs+0CsBMWIW2FqulzK8vM=",
        "path": "/nix/store/2i8zqmz2cqa0grjagw94z7g47199db9k-source",
        "rev": "2787fc7d1e51404678614bf0fe92fc296746eec0",
        "type": "path"
      },
      "original": {
        "id": "nixpkgs",
        "type": "indirect"
      }
    },
    "nixpkgs_2": {
      "locked": {
        "lastModified": 1682879489,
        "narHash": "sha256-sASwo8gBt7JDnOOstnps90K1wxmVfyhsTPPNTGBPjjg=",
        "owner": "nixos",
        "repo": "nixpkgs",
        "rev": "da45bf6ec7bbcc5d1e14d3795c025199f28e0de0",
        "type": "github"
      },
      "original": {
        "owner": "nixos",
        "ref": "nixos-unstable",
        "repo": "nixpkgs",
        "type": "github"
      }
    },
    "nur": {
      "locked": {
        "lastModified": 1683013403,
        "narHash": "sha256-YdA0OiXwWSiN/dj+OsBFlqFoVzH+Cz3Dm1Gbx7Nd8Eg=",
        "owner": "nix-community",
        "repo": "nur",
        "rev": "8b7f0f7b8b15dc64458e3b63ccc891d572da0629",
        "type": "github"
      },
      "original": {
        "owner": "nix-community",
        "repo": "nur",
        "type": "github"
      }
    },
    "root": {
      "inputs": {
        "darwin": "darwin",
        "emacs-overlay": "emacs-overlay",
        "emacs-src": "emacs-src",
        "git-mob": "git-mob",
        "home-manager": "home-manager",
        "nixos-hardware": "nixos-hardware",
        "nixpkgs": "nixpkgs_2",
        "nur": "nur",
        "swarm": "swarm",
        "syncorate-el": "syncorate-el"
      }
    },
    "swarm": {
      "flake": false,
      "locked": {
        "lastModified": 1683011161,
        "narHash": "sha256-qdTksQxYP5LV/5K/LVp7s56y5x8jqtpcadTmBrC22Y8=",
        "owner": "swarm-game",
        "repo": "swarm",
        "rev": "0e63c7afc1c77f77f1951e28f293755a052fe6a0",
        "type": "github"
      },
      "original": {
        "owner": "swarm-game",
        "repo": "swarm",
        "type": "github"
      }
    },
    "syncorate-el": {
      "locked": {
        "lastModified": 1668339354,
        "narHash": "sha256-IHzsEUKHHp6jLKYNr7SrlWZOHWLlS0+GiFTN+MWSPfQ=",
        "owner": "sebastiant",
        "repo": "syncorate.el",
        "rev": "f180db2a89ba061dbd3b543a6dd336fe42962bf1",
        "type": "github"
      },
      "original": {
        "owner": "sebastiant",
        "repo": "syncorate.el",
        "type": "github"
      }
    }
  },
  "root": "root",
  "version": 7
}
