{
  "nodes": {
    "darwin": {
      "inputs": {
        "nixpkgs": [
          "nixpkgs"
        ]
      },
      "locked": {
        "lastModified": 1651916036,
        "narHash": "sha256-UuD9keUGm4IuVEV6wdSYbuRm7CwfXE63hVkzKDjVsh4=",
        "owner": "lnl7",
        "repo": "nix-darwin",
        "rev": "2f2bdf658d2b79bada78dc914af99c53cad37cba",
        "type": "github"
      },
      "original": {
        "owner": "lnl7",
        "ref": "master",
        "repo": "nix-darwin",
        "type": "github"
      }
    },
    "emacs-overlay": {
      "inputs": {
        "flake-utils": "flake-utils",
        "nixpkgs": "nixpkgs"
      },
      "locked": {
        "lastModified": 1657016837,
        "narHash": "sha256-knx83nZ0xax6U1zR3rEOwIz2matk85kntbVEJRQYNuw=",
        "owner": "nix-community",
        "repo": "emacs-overlay",
        "rev": "beec877720e2b09b0b1a96450286459bcd7e6435",
        "type": "github"
      },
      "original": {
        "owner": "nix-community",
        "repo": "emacs-overlay",
        "type": "github"
      }
    },
    "flake-utils": {
      "locked": {
        "lastModified": 1656928814,
        "narHash": "sha256-RIFfgBuKz6Hp89yRr7+NR5tzIAbn52h8vT6vXkYjZoM=",
        "owner": "numtide",
        "repo": "flake-utils",
        "rev": "7e2a3b3dfd9af950a856d66b0a7d01e3c18aa249",
        "type": "github"
      },
      "original": {
        "owner": "numtide",
        "repo": "flake-utils",
        "type": "github"
      }
    },
    "home-manager": {
      "inputs": {
        "nixpkgs": [
          "nixpkgs"
        ],
        "utils": "utils"
      },
      "locked": {
        "lastModified": 1656927578,
        "narHash": "sha256-ZSFrM/1PlJOqCb3mN88ZUh9dkQvNLU/nkoQ2tu02/FM=",
        "owner": "nix-community",
        "repo": "home-manager",
        "rev": "f2445620d177e295e711c1b2bc6c01ed6df26c16",
        "type": "github"
      },
      "original": {
        "owner": "nix-community",
        "repo": "home-manager",
        "type": "github"
      }
    },
    "nixos-hardware": {
      "locked": {
        "lastModified": 1656933710,
        "narHash": "sha256-SVG8EqY1OTJWBRY4hpct2ZR2Rk0L8hCFkug3m0ABoZE=",
        "owner": "nixos",
        "repo": "nixos-hardware",
        "rev": "3bf48d3587d3f34f745a19ebc968b002ef5b5c5a",
        "type": "github"
      },
      "original": {
        "owner": "nixos",
        "ref": "master",
        "repo": "nixos-hardware",
        "type": "github"
      }
    },
    "nixpkgs": {
      "locked": {
        "narHash": "sha256-bxOjVqcsccCNm+jSmEh/bm0tqfE3SdjwS+p+FZja3ho=",
        "path": "/nix/store/g7alaqippgw6d0v7x68kx3vwv80pwwz0-source",
        "type": "path"
      },
      "original": {
        "id": "nixpkgs",
        "type": "indirect"
      }
    },
    "nixpkgs_2": {
      "locked": {
        "lastModified": 1656753965,
        "narHash": "sha256-BCrB3l0qpJokOnIVc3g2lHiGhnjUi0MoXiw6t1o8H1E=",
        "owner": "nixos",
        "repo": "nixpkgs",
        "rev": "0ea7a8f1b939d74e5df8af9a8f7342097cdf69eb",
        "type": "github"
      },
      "original": {
        "owner": "nixos",
        "ref": "nixos-unstable",
        "repo": "nixpkgs",
        "type": "github"
      }
    },
    "nur": {
      "locked": {
        "lastModified": 1657010181,
        "narHash": "sha256-sbV2PFKiflm/4UIp5CNYOe49rV4j4yi81t7Wt3bokmE=",
        "owner": "nix-community",
        "repo": "nur",
        "rev": "136d743a585bad0b45534e22420871d131882a93",
        "type": "github"
      },
      "original": {
        "owner": "nix-community",
        "repo": "nur",
        "type": "github"
      }
    },
    "root": {
      "inputs": {
        "darwin": "darwin",
        "emacs-overlay": "emacs-overlay",
        "home-manager": "home-manager",
        "nixos-hardware": "nixos-hardware",
        "nixpkgs": "nixpkgs_2",
        "nur": "nur"
      }
    },
    "utils": {
      "locked": {
        "lastModified": 1653893745,
        "narHash": "sha256-0jntwV3Z8//YwuOjzhV2sgJJPt+HY6KhU7VZUL0fKZQ=",
        "owner": "numtide",
        "repo": "flake-utils",
        "rev": "1ed9fb1935d260de5fe1c2f7ee0ebaae17ed2fa1",
        "type": "github"
      },
      "original": {
        "owner": "numtide",
        "repo": "flake-utils",
        "type": "github"
      }
    }
  },
  "root": "root",
  "version": 7
}
